
Microsoft Visual Studio Solution File, Format Version 12.00
# Visual Studio Version 17
VisualStudioVersion = 17.4.32912.340
MinimumVisualStudioVersion = 10.0.40219.1
Project("{FAE04EC0-301F-11D3-BF4B-00C04F79EFBC}") = "ContentSecurityPolicy.AspNetCore", "ContentSecurityPolicy.AspNetCore\ContentSecurityPolicy.AspNetCore.csproj", "{4635A345-C959-429F-8AFC-7A7A7076962B}"
EndProject
Global
	GlobalSection(SolutionConfigurationPlatforms) = preSolution
		Debug|Any CPU = Debug|Any CPU
		Release|Any CPU = Release|Any CPU
	EndGlobalSection
	GlobalSection(ProjectConfigurationPlatforms) = postSolution
		{4635A345-C959-429F-8AFC-7A7A7076962B}.Debug|Any CPU.ActiveCfg = Debug|Any CPU
		{4635A345-C959-429F-8AFC-7A7A7076962B}.Debug|Any CPU.Build.0 = Debug|Any CPU
		{4635A345-C959-429F-8AFC-7A7A7076962B}.Release|Any CPU.ActiveCfg = Release|Any CPU
		{4635A345-C959-429F-8AFC-7A7A7076962B}.Release|Any CPU.Build.0 = Release|Any CPU
	EndGlobalSection
	GlobalSection(SolutionProperties) = preSolution
		HideSolutionNode = FALSE
	EndGlobalSection
	GlobalSection(ExtensibilityGlobals) = postSolution
		SolutionGuid = {DF4D493C-EC0A-489A-B4C3-DDCF33178524}
	EndGlobalSection
EndGlobal
